
Microsoft Visual Studio Solution File, Format Version 12.00
# Visual Studio Version 16
VisualStudioVersion = 16.0.31105.61
MinimumVisualStudioVersion = 10.0.40219.1
Project("{FAE04EC0-301F-11D3-BF4B-00C04F79EFBC}") = "TrueLayer.Pokedex.WebApi", "TrueLayer.Pokedex.WebApi\TrueLayer.Pokedex.WebApi.csproj", "{4FAE6F75-EBBA-4038-9D85-2C5C9AFB2A04}"
EndProject
Global
	GlobalSection(SolutionConfigurationPlatforms) = preSolution
		Debug|Any CPU = Debug|Any CPU
		Release|Any CPU = Release|Any CPU
	EndGlobalSection
	GlobalSection(ProjectConfigurationPlatforms) = postSolution
		{4FAE6F75-EBBA-4038-9D85-2C5C9AFB2A04}.Debug|Any CPU.ActiveCfg = Debug|Any CPU
		{4FAE6F75-EBBA-4038-9D85-2C5C9AFB2A04}.Debug|Any CPU.Build.0 = Debug|Any CPU
		{4FAE6F75-EBBA-4038-9D85-2C5C9AFB2A04}.Release|Any CPU.ActiveCfg = Release|Any CPU
		{4FAE6F75-EBBA-4038-9D85-2C5C9AFB2A04}.Release|Any CPU.Build.0 = Release|Any CPU
	EndGlobalSection
	GlobalSection(SolutionProperties) = preSolution
		HideSolutionNode = FALSE
	EndGlobalSection
	GlobalSection(ExtensibilityGlobals) = postSolution
		SolutionGuid = {90656C53-5AB8-4DD1-AF72-C606A2C0EDCA}
	EndGlobalSection
EndGlobal
